{
  "name": "cs-gamestate",
  "version": "2.2.3",
  "lockfileVersion": 1,
  "requires": true,
  "dependencies": {
    "object-differ": {
      "version": "0.3.1",
      "resolved": "https://registry.npmjs.org/object-differ/-/object-differ-0.3.1.tgz",
      "integrity": "sha1-hiHih3W8YDW1nGMQw1FvnxiteQU="
    }
  }
}
